
Microsoft Visual Studio Solution File, Format Version 12.00
# Visual Studio Version 16
VisualStudioVersion = 16.0.29806.167
MinimumVisualStudioVersion = 10.0.40219.1
Project("{9A19103F-16F7-4668-BE54-9A1E7A4F7556}") = "CursoCore", "CursoCore\CursoCore.csproj", "{4A7B2A01-5030-481F-AD32-6E8854EA416F}"
EndProject
Project("{FAE04EC0-301F-11D3-BF4B-00C04F79EFBC}") = "DBL.CursoEscuela", "DBL.CursoEscuela\DBL.CursoEscuela.csproj", "{A7B00718-4970-42D7-96D8-14206D71B6B4}"
EndProject
Project("{FAE04EC0-301F-11D3-BF4B-00C04F79EFBC}") = "DAL.CursoEscuela", "DAL.CursoEscuela\DAL.CursoEscuela.csproj", "{6265CBCE-A7CA-4B1A-A5F0-8D22E4CF7C67}"
EndProject
Global
	GlobalSection(SolutionConfigurationPlatforms) = preSolution
		Debug|Any CPU = Debug|Any CPU
		Release|Any CPU = Release|Any CPU
	EndGlobalSection
	GlobalSection(ProjectConfigurationPlatforms) = postSolution
		{4A7B2A01-5030-481F-AD32-6E8854EA416F}.Debug|Any CPU.ActiveCfg = Debug|Any CPU
		{4A7B2A01-5030-481F-AD32-6E8854EA416F}.Debug|Any CPU.Build.0 = Debug|Any CPU
		{4A7B2A01-5030-481F-AD32-6E8854EA416F}.Release|Any CPU.ActiveCfg = Release|Any CPU
		{4A7B2A01-5030-481F-AD32-6E8854EA416F}.Release|Any CPU.Build.0 = Release|Any CPU
		{A7B00718-4970-42D7-96D8-14206D71B6B4}.Debug|Any CPU.ActiveCfg = Debug|Any CPU
		{A7B00718-4970-42D7-96D8-14206D71B6B4}.Debug|Any CPU.Build.0 = Debug|Any CPU
		{A7B00718-4970-42D7-96D8-14206D71B6B4}.Release|Any CPU.ActiveCfg = Release|Any CPU
		{A7B00718-4970-42D7-96D8-14206D71B6B4}.Release|Any CPU.Build.0 = Release|Any CPU
		{6265CBCE-A7CA-4B1A-A5F0-8D22E4CF7C67}.Debug|Any CPU.ActiveCfg = Debug|Any CPU
		{6265CBCE-A7CA-4B1A-A5F0-8D22E4CF7C67}.Debug|Any CPU.Build.0 = Debug|Any CPU
		{6265CBCE-A7CA-4B1A-A5F0-8D22E4CF7C67}.Release|Any CPU.ActiveCfg = Release|Any CPU
		{6265CBCE-A7CA-4B1A-A5F0-8D22E4CF7C67}.Release|Any CPU.Build.0 = Release|Any CPU
	EndGlobalSection
	GlobalSection(SolutionProperties) = preSolution
		HideSolutionNode = FALSE
	EndGlobalSection
	GlobalSection(ExtensibilityGlobals) = postSolution
		SolutionGuid = {D577C026-06FB-4EF3-AED1-4696776493A6}
	EndGlobalSection
EndGlobal
